
Microsoft Visual Studio Solution File, Format Version 12.00
# Visual Studio 2012
Project("{FAE04EC0-301F-11D3-BF4B-00C04F79EFBC}") = "ShoutcastNET", "ShoutcastNET\ShoutcastNET.csproj", "{9FCE6570-179E-4996-8303-B3DFC8699C54}"
EndProject
Global
	GlobalSection(SolutionConfigurationPlatforms) = preSolution
		Debug|Any CPU = Debug|Any CPU
		Release|Any CPU = Release|Any CPU
	EndGlobalSection
	GlobalSection(ProjectConfigurationPlatforms) = postSolution
		{9FCE6570-179E-4996-8303-B3DFC8699C54}.Debug|Any CPU.ActiveCfg = Debug|Any CPU
		{9FCE6570-179E-4996-8303-B3DFC8699C54}.Debug|Any CPU.Build.0 = Debug|Any CPU
		{9FCE6570-179E-4996-8303-B3DFC8699C54}.Release|Any CPU.ActiveCfg = Release|Any CPU
		{9FCE6570-179E-4996-8303-B3DFC8699C54}.Release|Any CPU.Build.0 = Release|Any CPU
	EndGlobalSection
	GlobalSection(SolutionProperties) = preSolution
		HideSolutionNode = FALSE
	EndGlobalSection
EndGlobal
