
Microsoft Visual Studio Solution File, Format Version 12.00
# Visual Studio 2012
Project("{FAE04EC0-301F-11D3-BF4B-00C04F79EFBC}") = "DevHost.Shoutcast", "DevHost.Shoutcast\DevHost.Shoutcast.csproj", "{BC43DC88-A22C-445E-8D1F-7404FB9EA245}"
EndProject
Project("{FAE04EC0-301F-11D3-BF4B-00C04F79EFBC}") = "ShoutcastDvr", "ShoutcastDvr\ShoutcastDvr.csproj", "{2B950E91-ACF6-479B-8290-9F4D6D3C977D}"
EndProject
Global
	GlobalSection(SolutionConfigurationPlatforms) = preSolution
		Debug|Any CPU = Debug|Any CPU
		Release|Any CPU = Release|Any CPU
	EndGlobalSection
	GlobalSection(ProjectConfigurationPlatforms) = postSolution
		{BC43DC88-A22C-445E-8D1F-7404FB9EA245}.Debug|Any CPU.ActiveCfg = Debug|Any CPU
		{BC43DC88-A22C-445E-8D1F-7404FB9EA245}.Debug|Any CPU.Build.0 = Debug|Any CPU
		{BC43DC88-A22C-445E-8D1F-7404FB9EA245}.Release|Any CPU.ActiveCfg = Release|Any CPU
		{BC43DC88-A22C-445E-8D1F-7404FB9EA245}.Release|Any CPU.Build.0 = Release|Any CPU
		{2B950E91-ACF6-479B-8290-9F4D6D3C977D}.Debug|Any CPU.ActiveCfg = Debug|Any CPU
		{2B950E91-ACF6-479B-8290-9F4D6D3C977D}.Debug|Any CPU.Build.0 = Debug|Any CPU
		{2B950E91-ACF6-479B-8290-9F4D6D3C977D}.Release|Any CPU.ActiveCfg = Release|Any CPU
		{2B950E91-ACF6-479B-8290-9F4D6D3C977D}.Release|Any CPU.Build.0 = Release|Any CPU
	EndGlobalSection
	GlobalSection(SolutionProperties) = preSolution
		HideSolutionNode = FALSE
	EndGlobalSection
EndGlobal
